
Microsoft Visual Studio Solution File, Format Version 12.00
# Visual Studio 15
VisualStudioVersion = 15.0.28307.421
MinimumVisualStudioVersion = 10.0.40219.1
Project("{FAE04EC0-301F-11D3-BF4B-00C04F79EFBC}") = "EquazioniLibrary", "EquazioniLibrary\EquazioniLibrary.csproj", "{965F77DD-D280-46B2-9DF9-81DCFB94D6E6}"
EndProject
Project("{FAE04EC0-301F-11D3-BF4B-00C04F79EFBC}") = "EquazioniLibrary.Test", "EquazioniLibrary.Test\EquazioniLibrary.Test.csproj", "{6FAAD074-94C9-4BEB-89E0-7A280D9E8435}"
EndProject
Global
	GlobalSection(SolutionConfigurationPlatforms) = preSolution
		Debug|Any CPU = Debug|Any CPU
		Release|Any CPU = Release|Any CPU
	EndGlobalSection
	GlobalSection(ProjectConfigurationPlatforms) = postSolution
		{965F77DD-D280-46B2-9DF9-81DCFB94D6E6}.Debug|Any CPU.ActiveCfg = Debug|Any CPU
		{965F77DD-D280-46B2-9DF9-81DCFB94D6E6}.Debug|Any CPU.Build.0 = Debug|Any CPU
		{965F77DD-D280-46B2-9DF9-81DCFB94D6E6}.Release|Any CPU.ActiveCfg = Release|Any CPU
		{965F77DD-D280-46B2-9DF9-81DCFB94D6E6}.Release|Any CPU.Build.0 = Release|Any CPU
		{6FAAD074-94C9-4BEB-89E0-7A280D9E8435}.Debug|Any CPU.ActiveCfg = Debug|Any CPU
		{6FAAD074-94C9-4BEB-89E0-7A280D9E8435}.Debug|Any CPU.Build.0 = Debug|Any CPU
		{6FAAD074-94C9-4BEB-89E0-7A280D9E8435}.Release|Any CPU.ActiveCfg = Release|Any CPU
		{6FAAD074-94C9-4BEB-89E0-7A280D9E8435}.Release|Any CPU.Build.0 = Release|Any CPU
	EndGlobalSection
	GlobalSection(SolutionProperties) = preSolution
		HideSolutionNode = FALSE
	EndGlobalSection
	GlobalSection(ExtensibilityGlobals) = postSolution
		SolutionGuid = {6DA51822-9FEA-4589-B9C2-BB4BF5D549D0}
	EndGlobalSection
EndGlobal
